
Microsoft Visual Studio Solution File, Format Version 12.00
# Visual Studio 14
VisualStudioVersion = 14.0.23107.0
MinimumVisualStudioVersion = 10.0.40219.1
Project("{FAE04EC0-301F-11D3-BF4B-00C04F79EFBC}") = "1", "1\1.csproj", "{62F90EC9-E7CB-441C-AAA1-075E7AA735C4}"
EndProject
Project("{FAE04EC0-301F-11D3-BF4B-00C04F79EFBC}") = "2", "2\2.csproj", "{AA2FDBD4-9EA4-4937-9932-639A9696C0F7}"
EndProject
Project("{FAE04EC0-301F-11D3-BF4B-00C04F79EFBC}") = "3", "3\3.csproj", "{17DD0B9C-3D5C-452E-A42F-4F3BEE9A7254}"
EndProject
Project("{FAE04EC0-301F-11D3-BF4B-00C04F79EFBC}") = "4", "4\4.csproj", "{A38C0149-C252-4978-B26A-464284D5644F}"
EndProject
Project("{FAE04EC0-301F-11D3-BF4B-00C04F79EFBC}") = "5", "5\5.csproj", "{8C38DDF9-7DC0-4260-AC89-AD750483E679}"
EndProject
Project("{FAE04EC0-301F-11D3-BF4B-00C04F79EFBC}") = "6", "6\6.csproj", "{9AF5353C-9EAD-4CBB-8177-CAE5FBFCC2FB}"
EndProject
Project("{FAE04EC0-301F-11D3-BF4B-00C04F79EFBC}") = "seven", "7\seven.csproj", "{56FE62B2-FF85-4CBF-AFDE-41D19030663A}"
EndProject
Project("{FAE04EC0-301F-11D3-BF4B-00C04F79EFBC}") = "8", "8\8.csproj", "{50A1833C-D2B4-40C6-8DD9-2A1BD4CD3523}"
EndProject
Project("{FAE04EC0-301F-11D3-BF4B-00C04F79EFBC}") = "9", "9\9.csproj", "{3A560A91-6D35-4BA5-A50A-B1251D980C47}"
EndProject
Project("{FAE04EC0-301F-11D3-BF4B-00C04F79EFBC}") = "10", "10\10.csproj", "{D77C1CA4-EE54-4898-92EB-1B26745F426D}"
EndProject
Project("{FAE04EC0-301F-11D3-BF4B-00C04F79EFBC}") = "11", "11\11.csproj", "{910B850C-ED1C-4FC5-987B-1A53F5504FA2}"
EndProject
Project("{FAE04EC0-301F-11D3-BF4B-00C04F79EFBC}") = "12", "12\12.csproj", "{F0C46ED3-3656-46F6-8DA1-F9A9D2DBA4AA}"
EndProject
Project("{FAE04EC0-301F-11D3-BF4B-00C04F79EFBC}") = "14", "14\14.csproj", "{024E67D2-2862-4466-B4ED-8847945D5AF5}"
EndProject
Project("{FAE04EC0-301F-11D3-BF4B-00C04F79EFBC}") = "15", "15\15.csproj", "{0D10D9FE-91A7-47E5-83DD-B21AE565E767}"
EndProject
Project("{FAE04EC0-301F-11D3-BF4B-00C04F79EFBC}") = "16", "16\16.csproj", "{E8E65570-DD4C-49DB-8E3F-84F6CDD5A1FF}"
EndProject
Project("{FAE04EC0-301F-11D3-BF4B-00C04F79EFBC}") = "18", "18\18.csproj", "{4A04C564-40DF-48D2-A341-D758EFD0B49E}"
EndProject
Project("{FAE04EC0-301F-11D3-BF4B-00C04F79EFBC}") = "19", "19\19.csproj", "{9240AE41-AB92-4F0D-8E53-3E5C86DE96B8}"
EndProject
Project("{FAE04EC0-301F-11D3-BF4B-00C04F79EFBC}") = "20", "20\20.csproj", "{81A5DE4F-F12A-440A-BF95-1948E23E45CB}"
EndProject
Global
	GlobalSection(SolutionConfigurationPlatforms) = preSolution
		Debug|Any CPU = Debug|Any CPU
		Release|Any CPU = Release|Any CPU
	EndGlobalSection
	GlobalSection(ProjectConfigurationPlatforms) = postSolution
		{62F90EC9-E7CB-441C-AAA1-075E7AA735C4}.Debug|Any CPU.ActiveCfg = Debug|Any CPU
		{62F90EC9-E7CB-441C-AAA1-075E7AA735C4}.Debug|Any CPU.Build.0 = Debug|Any CPU
		{62F90EC9-E7CB-441C-AAA1-075E7AA735C4}.Release|Any CPU.ActiveCfg = Release|Any CPU
		{62F90EC9-E7CB-441C-AAA1-075E7AA735C4}.Release|Any CPU.Build.0 = Release|Any CPU
		{AA2FDBD4-9EA4-4937-9932-639A9696C0F7}.Debug|Any CPU.ActiveCfg = Debug|Any CPU
		{AA2FDBD4-9EA4-4937-9932-639A9696C0F7}.Debug|Any CPU.Build.0 = Debug|Any CPU
		{AA2FDBD4-9EA4-4937-9932-639A9696C0F7}.Release|Any CPU.ActiveCfg = Release|Any CPU
		{AA2FDBD4-9EA4-4937-9932-639A9696C0F7}.Release|Any CPU.Build.0 = Release|Any CPU
		{17DD0B9C-3D5C-452E-A42F-4F3BEE9A7254}.Debug|Any CPU.ActiveCfg = Debug|Any CPU
		{17DD0B9C-3D5C-452E-A42F-4F3BEE9A7254}.Debug|Any CPU.Build.0 = Debug|Any CPU
		{17DD0B9C-3D5C-452E-A42F-4F3BEE9A7254}.Release|Any CPU.ActiveCfg = Release|Any CPU
		{17DD0B9C-3D5C-452E-A42F-4F3BEE9A7254}.Release|Any CPU.Build.0 = Release|Any CPU
		{A38C0149-C252-4978-B26A-464284D5644F}.Debug|Any CPU.ActiveCfg = Debug|Any CPU
		{A38C0149-C252-4978-B26A-464284D5644F}.Debug|Any CPU.Build.0 = Debug|Any CPU
		{A38C0149-C252-4978-B26A-464284D5644F}.Release|Any CPU.ActiveCfg = Release|Any CPU
		{A38C0149-C252-4978-B26A-464284D5644F}.Release|Any CPU.Build.0 = Release|Any CPU
		{8C38DDF9-7DC0-4260-AC89-AD750483E679}.Debug|Any CPU.ActiveCfg = Debug|Any CPU
		{8C38DDF9-7DC0-4260-AC89-AD750483E679}.Debug|Any CPU.Build.0 = Debug|Any CPU
		{8C38DDF9-7DC0-4260-AC89-AD750483E679}.Release|Any CPU.ActiveCfg = Release|Any CPU
		{8C38DDF9-7DC0-4260-AC89-AD750483E679}.Release|Any CPU.Build.0 = Release|Any CPU
		{9AF5353C-9EAD-4CBB-8177-CAE5FBFCC2FB}.Debug|Any CPU.ActiveCfg = Debug|Any CPU
		{9AF5353C-9EAD-4CBB-8177-CAE5FBFCC2FB}.Debug|Any CPU.Build.0 = Debug|Any CPU
		{9AF5353C-9EAD-4CBB-8177-CAE5FBFCC2FB}.Release|Any CPU.ActiveCfg = Release|Any CPU
		{9AF5353C-9EAD-4CBB-8177-CAE5FBFCC2FB}.Release|Any CPU.Build.0 = Release|Any CPU
		{56FE62B2-FF85-4CBF-AFDE-41D19030663A}.Debug|Any CPU.ActiveCfg = Debug|Any CPU
		{56FE62B2-FF85-4CBF-AFDE-41D19030663A}.Debug|Any CPU.Build.0 = Debug|Any CPU
		{56FE62B2-FF85-4CBF-AFDE-41D19030663A}.Release|Any CPU.ActiveCfg = Release|Any CPU
		{56FE62B2-FF85-4CBF-AFDE-41D19030663A}.Release|Any CPU.Build.0 = Release|Any CPU
		{50A1833C-D2B4-40C6-8DD9-2A1BD4CD3523}.Debug|Any CPU.ActiveCfg = Debug|Any CPU
		{50A1833C-D2B4-40C6-8DD9-2A1BD4CD3523}.Debug|Any CPU.Build.0 = Debug|Any CPU
		{50A1833C-D2B4-40C6-8DD9-2A1BD4CD3523}.Release|Any CPU.ActiveCfg = Release|Any CPU
		{50A1833C-D2B4-40C6-8DD9-2A1BD4CD3523}.Release|Any CPU.Build.0 = Release|Any CPU
		{3A560A91-6D35-4BA5-A50A-B1251D980C47}.Debug|Any CPU.ActiveCfg = Debug|Any CPU
		{3A560A91-6D35-4BA5-A50A-B1251D980C47}.Debug|Any CPU.Build.0 = Debug|Any CPU
		{3A560A91-6D35-4BA5-A50A-B1251D980C47}.Release|Any CPU.ActiveCfg = Release|Any CPU
		{3A560A91-6D35-4BA5-A50A-B1251D980C47}.Release|Any CPU.Build.0 = Release|Any CPU
		{D77C1CA4-EE54-4898-92EB-1B26745F426D}.Debug|Any CPU.ActiveCfg = Debug|Any CPU
		{D77C1CA4-EE54-4898-92EB-1B26745F426D}.Debug|Any CPU.Build.0 = Debug|Any CPU
		{D77C1CA4-EE54-4898-92EB-1B26745F426D}.Release|Any CPU.ActiveCfg = Release|Any CPU
		{D77C1CA4-EE54-4898-92EB-1B26745F426D}.Release|Any CPU.Build.0 = Release|Any CPU
		{910B850C-ED1C-4FC5-987B-1A53F5504FA2}.Debug|Any CPU.ActiveCfg = Debug|Any CPU
		{910B850C-ED1C-4FC5-987B-1A53F5504FA2}.Debug|Any CPU.Build.0 = Debug|Any CPU
		{910B850C-ED1C-4FC5-987B-1A53F5504FA2}.Release|Any CPU.ActiveCfg = Release|Any CPU
		{910B850C-ED1C-4FC5-987B-1A53F5504FA2}.Release|Any CPU.Build.0 = Release|Any CPU
		{F0C46ED3-3656-46F6-8DA1-F9A9D2DBA4AA}.Debug|Any CPU.ActiveCfg = Debug|Any CPU
		{F0C46ED3-3656-46F6-8DA1-F9A9D2DBA4AA}.Debug|Any CPU.Build.0 = Debug|Any CPU
		{F0C46ED3-3656-46F6-8DA1-F9A9D2DBA4AA}.Release|Any CPU.ActiveCfg = Release|Any CPU
		{F0C46ED3-3656-46F6-8DA1-F9A9D2DBA4AA}.Release|Any CPU.Build.0 = Release|Any CPU
		{024E67D2-2862-4466-B4ED-8847945D5AF5}.Debug|Any CPU.ActiveCfg = Debug|Any CPU
		{024E67D2-2862-4466-B4ED-8847945D5AF5}.Debug|Any CPU.Build.0 = Debug|Any CPU
		{024E67D2-2862-4466-B4ED-8847945D5AF5}.Release|Any CPU.ActiveCfg = Release|Any CPU
		{024E67D2-2862-4466-B4ED-8847945D5AF5}.Release|Any CPU.Build.0 = Release|Any CPU
		{0D10D9FE-91A7-47E5-83DD-B21AE565E767}.Debug|Any CPU.ActiveCfg = Debug|Any CPU
		{0D10D9FE-91A7-47E5-83DD-B21AE565E767}.Debug|Any CPU.Build.0 = Debug|Any CPU
		{0D10D9FE-91A7-47E5-83DD-B21AE565E767}.Release|Any CPU.ActiveCfg = Release|Any CPU
		{0D10D9FE-91A7-47E5-83DD-B21AE565E767}.Release|Any CPU.Build.0 = Release|Any CPU
		{E8E65570-DD4C-49DB-8E3F-84F6CDD5A1FF}.Debug|Any CPU.ActiveCfg = Debug|Any CPU
		{E8E65570-DD4C-49DB-8E3F-84F6CDD5A1FF}.Debug|Any CPU.Build.0 = Debug|Any CPU
		{E8E65570-DD4C-49DB-8E3F-84F6CDD5A1FF}.Release|Any CPU.ActiveCfg = Release|Any CPU
		{E8E65570-DD4C-49DB-8E3F-84F6CDD5A1FF}.Release|Any CPU.Build.0 = Release|Any CPU
		{4A04C564-40DF-48D2-A341-D758EFD0B49E}.Debug|Any CPU.ActiveCfg = Debug|Any CPU
		{4A04C564-40DF-48D2-A341-D758EFD0B49E}.Debug|Any CPU.Build.0 = Debug|Any CPU
		{4A04C564-40DF-48D2-A341-D758EFD0B49E}.Release|Any CPU.ActiveCfg = Release|Any CPU
		{4A04C564-40DF-48D2-A341-D758EFD0B49E}.Release|Any CPU.Build.0 = Release|Any CPU
		{9240AE41-AB92-4F0D-8E53-3E5C86DE96B8}.Debug|Any CPU.ActiveCfg = Debug|Any CPU
		{9240AE41-AB92-4F0D-8E53-3E5C86DE96B8}.Debug|Any CPU.Build.0 = Debug|Any CPU
		{9240AE41-AB92-4F0D-8E53-3E5C86DE96B8}.Release|Any CPU.ActiveCfg = Release|Any CPU
		{9240AE41-AB92-4F0D-8E53-3E5C86DE96B8}.Release|Any CPU.Build.0 = Release|Any CPU
		{81A5DE4F-F12A-440A-BF95-1948E23E45CB}.Debug|Any CPU.ActiveCfg = Debug|Any CPU
		{81A5DE4F-F12A-440A-BF95-1948E23E45CB}.Debug|Any CPU.Build.0 = Debug|Any CPU
		{81A5DE4F-F12A-440A-BF95-1948E23E45CB}.Release|Any CPU.ActiveCfg = Release|Any CPU
		{81A5DE4F-F12A-440A-BF95-1948E23E45CB}.Release|Any CPU.Build.0 = Release|Any CPU
	EndGlobalSection
	GlobalSection(SolutionProperties) = preSolution
		HideSolutionNode = FALSE
	EndGlobalSection
EndGlobal
